{
  "meteor": {},
  "dependencies": {
    "basePackages": {
      "bootstrap3-less": {},
      "iron-router": {},
      "auto-nprogress": {},
      "roles": {},
      "regulate.js": {},
      "mailgun": {},
      "aws-sdk": {},
      "Dropzonejs": {},
      "imagemagick": {}
    },
    "packages": {
      "bootstrap3-less": {
        "git": "https://github.com/eprochasson/bootstrap3-less",
        "tag": "v0.1.8",
        "commit": "48b6db4435d9f01a1fcfe694a180b38e8e38835b"
      },
      "iron-router": {
        "git": "https://github.com/EventedMind/iron-router.git",
        "tag": "v0.6.2",
        "commit": "ce56e58b45624dce992490f3a1c10f10d3948bae"
      },
      "auto-nprogress": {
        "git": "https://github.com/settinghead/meteor-auto-nprogress.git",
        "tag": "v0.2.7",
        "commit": "3fa87d5244e140cc5b49696585cd23b110c36467"
      },
      "roles": {
        "git": "https://github.com/alanning/meteor-roles.git",
        "tag": "v1.2.6",
        "commit": "f2a9058281f8f2fe028767841d7445aadd6893cf"
      },
      "regulate.js": {
        "git": "https://github.com/eddflrs/regulate-meteor.git",
        "tag": "v0.1.3.5",
        "commit": "b0e85a2782003ed5cba1f278300b590e8a2dc1bd"
      },
      "mailgun": {
        "git": "https://github.com/cunneen/meteor-mailgun.git",
        "tag": "v0.9.0",
        "commit": "302373c32b58b67dfe67de4dcdad065a33925fc2"
      },
      "aws-sdk": {
        "git": "https://github.com/peerlibrary/meteor-aws-sdk.git",
        "tag": "v1.5.1.1",
        "commit": "63efa4ebbe9986bd875f69d5fdf3248c5c44159e"
      },
      "Dropzonejs": {
        "git": "https://github.com/devonbarrett/meteor-dropzone.git",
        "tag": "v1.0.1",
        "commit": "aa0e15055a519e72a97d02cffad4b052e840433d"
      },
      "imagemagick": {
        "git": "https://github.com/sylvaingi/meteor-imagemagick.git",
        "tag": "v0.1.2",
        "commit": "d67bb926356d35cdff1a6d6c3c69750f3f54c059"
      },
      "nprogress": {
        "git": "https://github.com/zhouzhuojie/meteor-nprogress.git",
        "tag": "v0.0.3",
        "commit": "ffd1c5dd400af64121197f4e637a215c4b6b1fc7"
      },
      "blocking": {
        "git": "https://github.com/peerlibrary/meteor-blocking.git",
        "tag": "v0.4.0",
        "commit": "e25a0be72e771b317b26d2bb5758c983bdcef23c"
      }
    }
  }
}
